<?xml version="1.0" encoding="utf-8"?>
<Project ToolsVersion="4.0" xmlns="http://schemas.microsoft.com/developer/msbuild/2003">
  <ItemGroup>
    <Filter Include="Source Files">
      <UniqueIdentifier>{4FC737F1-C7A5-4376-A066-2A32D752A2FF}</UniqueIdentifier>
      <Extensions>cpp;c;cc;cxx;c++;cppm;ixx;def;odl;idl;hpj;bat;asm;asmx</Extensions>
    </Filter>
    <Filter Include="Header Files">
      <UniqueIdentifier>{93995380-89BD-4b04-88EB-625FBE52EBFB}</UniqueIdentifier>
      <Extensions>h;hh;hpp;hxx;h++;hm;inl;inc;ipp;xsd</Extensions>
    </Filter>
    <Filter Include="Resource Files">
      <UniqueIdentifier>{67DA6AB6-F800-4c08-8B7A-83BB121AAD01}</UniqueIdentifier>
      <Extensions>rc;ico;cur;bmp;dlg;rc2;rct;bin;rgs;gif;jpg;jpeg;jpe;resx;tiff;tif;png;wav;mfcribbon-ms</Extensions>
    </Filter>
    <Filter Include="Header Files\traits">
      <UniqueIdentifier>{2e910c92-a291-465a-a33e-c2876de66454}</UniqueIdentifier>
    </Filter>
    <Filter Include="Header Files\handle">
      <UniqueIdentifier>{c10195e8-c34a-4109-86b1-b125dfad5131}</UniqueIdentifier>
    </Filter>
    <Filter Include="Source Files\handle">
      <UniqueIdentifier>{92318315-94d0-497b-bb16-50c547ae99c5}</UniqueIdentifier>
    </Filter>
    <Filter Include="Header Files\queueing">
      <UniqueIdentifier>{8aab6c4d-a778-4410-bf3e-b05000ab8346}</UniqueIdentifier>
    </Filter>
  </ItemGroup>
  <ItemGroup>
    <ClInclude Include="..\..\..\..\..\include\disk\io_system\basic_reader.hpp">
      <Filter>Header Files</Filter>
    </ClInclude>
    <ClInclude Include="..\..\..\..\..\include\disk\io_system\basic_writer.hpp">
      <Filter>Header Files</Filter>
    </ClInclude>
    <ClInclude Include="..\..\..\..\..\include\disk\io_system\traits\reader_traits.hpp">
      <Filter>Header Files\traits</Filter>
    </ClInclude>
    <ClInclude Include="..\..\..\..\..\include\disk\handle\file\file_nonblock.hpp">
      <Filter>Header Files\handle</Filter>
    </ClInclude>
    <ClInclude Include="..\..\..\..\..\include\disk\io_system\forward.hpp">
      <Filter>Header Files</Filter>
    </ClInclude>
    <ClInclude Include="..\..\..\..\..\include\disk\io_system\queueing\ring_queue.hpp">
      <Filter>Header Files\queueing</Filter>
    </ClInclude>
  </ItemGroup>
  <ItemGroup>
    <ClCompile Include="..\..\..\..\..\source\handle\file_nonblock.cpp">
      <Filter>Source Files\handle</Filter>
    </ClCompile>
  </ItemGroup>
</Project>